<?xml version="1.0" encoding="utf-8"?>
<Project ToolsVersion="4.0" xmlns="http://schemas.microsoft.com/developer/msbuild/2003">
  <ItemGroup>
    <Filter Include="Source Files">
      <UniqueIdentifier>{4FC737F1-C7A5-4376-A066-2A32D752A2FF}</UniqueIdentifier>
      <Extensions>cpp;c;cc;cxx;def;odl;idl;hpj;bat;asm;asmx</Extensions>
    </Filter>
    <Filter Include="Header Files">
      <UniqueIdentifier>{93995380-89BD-4b04-88EB-625FBE52EBFB}</UniqueIdentifier>
      <Extensions>h;hpp;hxx;hm;inl;inc;xsd</Extensions>
    </Filter>
    <Filter Include="Resource Files">
      <UniqueIdentifier>{67DA6AB6-F800-4c08-8B7A-83BB121AAD01}</UniqueIdentifier>
      <Extensions>rc;ico;cur;bmp;dlg;rc2;rct;bin;rgs;gif;jpg;jpeg;jpe;resx;tiff;tif;png;wav</Extensions>
    </Filter>
  </ItemGroup>
  <ItemGroup>
    <ClCompile Include="AMMimeUtils.cpp">
      <Filter>Source Files</Filter>
    </ClCompile>
    <ClCompile Include="BlowFish.cpp">
      <Filter>Source Files</Filter>
    </ClCompile>
    <ClCompile Include="CDate.cpp">
      <Filter>Source Files</Filter>
    </ClCompile>
    <ClCompile Include="CFilterTokenInfo.cpp">
      <Filter>Source Files</Filter>
    </ClCompile>
    <ClCompile Include="DecoderEngine.cpp">
      <Filter>Source Files</Filter>
    </ClCompile>
    <ClCompile Include="EmailRipper.cpp">
      <Filter>Source Files</Filter>
    </ClCompile>
    <ClCompile Include="EmailRipper2.cpp">
      <Filter>Source Files</Filter>
    </ClCompile>
    <ClCompile Include="md5.cpp">
      <Filter>Source Files</Filter>
    </ClCompile>
    <ClCompile Include="NSBase64.cpp">
      <Filter>Source Files</Filter>
    </ClCompile>
    <ClCompile Include="NSFileFunctions.cpp">
      <Filter>Source Files</Filter>
    </ClCompile>
    <ClCompile Include="NSHeader.cpp">
      <Filter>Source Files</Filter>
    </ClCompile>
    <ClCompile Include="NSHeaderItem.cpp">
      <Filter>Source Files</Filter>
    </ClCompile>
    <ClCompile Include="NSMessageContent.cpp">
      <Filter>Source Files</Filter>
    </ClCompile>
    <ClCompile Include="NSMimeUtils.cpp">
      <Filter>Source Files</Filter>
    </ClCompile>
    <ClCompile Include="NSQuotedPrintable.cpp">
      <Filter>Source Files</Filter>
    </ClCompile>
    <ClCompile Include="NSRandomGenerator.cpp">
      <Filter>Source Files</Filter>
    </ClCompile>
    <ClCompile Include="NSRegistration.cpp">
      <Filter>Source Files</Filter>
    </ClCompile>
    <ClCompile Include="NSStringFunctions.cpp">
      <Filter>Source Files</Filter>
    </ClCompile>
    <ClCompile Include="NSUUCode.cpp">
      <Filter>Source Files</Filter>
    </ClCompile>
    <ClCompile Include="stdafx.cpp">
      <Filter>Source Files</Filter>
    </ClCompile>
    <ClCompile Include="WebArborEmail.cpp">
      <Filter>Source Files</Filter>
    </ClCompile>
  </ItemGroup>
  <ItemGroup>
    <ClInclude Include="AMMimeUtils.h">
      <Filter>Header Files</Filter>
    </ClInclude>
    <ClInclude Include="Blowfish.h">
      <Filter>Header Files</Filter>
    </ClInclude>
    <ClInclude Include="CDate.h">
      <Filter>Header Files</Filter>
    </ClInclude>
    <ClInclude Include="CFilterTokenInfo.h">
      <Filter>Header Files</Filter>
    </ClInclude>
    <ClInclude Include="DecoderEngine.h">
      <Filter>Header Files</Filter>
    </ClInclude>
    <ClInclude Include="EmailRipper.h">
      <Filter>Header Files</Filter>
    </ClInclude>
    <ClInclude Include="md5.h">
      <Filter>Header Files</Filter>
    </ClInclude>
    <ClInclude Include="NSBase64.h">
      <Filter>Header Files</Filter>
    </ClInclude>
    <ClInclude Include="NSErrorClasses.h">
      <Filter>Header Files</Filter>
    </ClInclude>
    <ClInclude Include="NSFileFunctions.h">
      <Filter>Header Files</Filter>
    </ClInclude>
    <ClInclude Include="NSHeader.h">
      <Filter>Header Files</Filter>
    </ClInclude>
    <ClInclude Include="NSHeaderItem.h">
      <Filter>Header Files</Filter>
    </ClInclude>
    <ClInclude Include="NSMaxLimits.h">
      <Filter>Header Files</Filter>
    </ClInclude>
    <ClInclude Include="NSMessageContent.h">
      <Filter>Header Files</Filter>
    </ClInclude>
    <ClInclude Include="NSMimeUtils.h">
      <Filter>Header Files</Filter>
    </ClInclude>
    <ClInclude Include="NSQuotedPrintable.h">
      <Filter>Header Files</Filter>
    </ClInclude>
    <ClInclude Include="NSRandomGenerator.h">
      <Filter>Header Files</Filter>
    </ClInclude>
    <ClInclude Include="NSRegistration.h">
      <Filter>Header Files</Filter>
    </ClInclude>
    <ClInclude Include="NSStringFunctions.h">
      <Filter>Header Files</Filter>
    </ClInclude>
    <ClInclude Include="NSUUCode.h">
      <Filter>Header Files</Filter>
    </ClInclude>
    <ClInclude Include="Resource.h">
      <Filter>Header Files</Filter>
    </ClInclude>
    <ClInclude Include="stdafx.h">
      <Filter>Header Files</Filter>
    </ClInclude>
  </ItemGroup>
  <ItemGroup>
    <ResourceCompile Include="WebArborEmail.rc">
      <Filter>Resource Files</Filter>
    </ResourceCompile>
  </ItemGroup>
  <ItemGroup>
    <None Include="WebArborEmail.rgs">
      <Filter>Resource Files</Filter>
    </None>
    <None Include="ReadMe.txt" />
  </ItemGroup>
</Project>